
Microsoft Visual Studio Solution File, Format Version 12.00
# Visual Studio 2015
Project("{FAE04EC0-301F-11D3-BF4B-00C04F79EFBC}") = "CS130.CSharp", "CS130.CSharp.csproj", "{88111863-8771-FE15-6CEB-8738E2A32944}"
EndProject
Global
	GlobalSection(SolutionConfigurationPlatforms) = preSolution
		Debug|Any CPU = Debug|Any CPU
		Release|Any CPU = Release|Any CPU
	EndGlobalSection
	GlobalSection(ProjectConfigurationPlatforms) = postSolution
		{88111863-8771-FE15-6CEB-8738E2A32944}.Debug|Any CPU.ActiveCfg = Debug|Any CPU
		{88111863-8771-FE15-6CEB-8738E2A32944}.Debug|Any CPU.Build.0 = Debug|Any CPU
		{88111863-8771-FE15-6CEB-8738E2A32944}.Release|Any CPU.ActiveCfg = Release|Any CPU
		{88111863-8771-FE15-6CEB-8738E2A32944}.Release|Any CPU.Build.0 = Release|Any CPU
	EndGlobalSection
	GlobalSection(SolutionProperties) = preSolution
		HideSolutionNode = FALSE
	EndGlobalSection
EndGlobal
